
Microsoft Visual Studio Solution File, Format Version 12.00
# Visual Studio 2013
VisualStudioVersion = 12.0.21005.1
MinimumVisualStudioVersion = 10.0.40219.1
Project("{FAE04EC0-301F-11D3-BF4B-00C04F79EFBC}") = "SQLTest", "SQLTest\SQLTest.csproj", "{2975F664-D6EE-4CC9-A2A3-523DD00D32FD}"
EndProject
Global
	GlobalSection(SolutionConfigurationPlatforms) = preSolution
		Debug|Any CPU = Debug|Any CPU
		Release|Any CPU = Release|Any CPU
	EndGlobalSection
	GlobalSection(ProjectConfigurationPlatforms) = postSolution
		{2975F664-D6EE-4CC9-A2A3-523DD00D32FD}.Debug|Any CPU.ActiveCfg = Debug|Any CPU
		{2975F664-D6EE-4CC9-A2A3-523DD00D32FD}.Debug|Any CPU.Build.0 = Debug|Any CPU
		{2975F664-D6EE-4CC9-A2A3-523DD00D32FD}.Release|Any CPU.ActiveCfg = Release|Any CPU
		{2975F664-D6EE-4CC9-A2A3-523DD00D32FD}.Release|Any CPU.Build.0 = Release|Any CPU
	EndGlobalSection
	GlobalSection(SolutionProperties) = preSolution
		HideSolutionNode = FALSE
	EndGlobalSection
EndGlobal
